
Microsoft Visual Studio Solution File, Format Version 12.00
# Visual Studio Version 16
VisualStudioVersion = 16.0.29318.209
MinimumVisualStudioVersion = 10.0.40219.1
Project("{FAE04EC0-301F-11D3-BF4B-00C04F79EFBC}") = "l9_Graphics_and_animation", "l9_Graphics_and_animation\l9_Graphics_and_animation.csproj", "{0199826E-D2AE-439B-A2C4-438FB31BF4DE}"
EndProject
Global
	GlobalSection(SolutionConfigurationPlatforms) = preSolution
		Debug|Any CPU = Debug|Any CPU
		Release|Any CPU = Release|Any CPU
	EndGlobalSection
	GlobalSection(ProjectConfigurationPlatforms) = postSolution
		{0199826E-D2AE-439B-A2C4-438FB31BF4DE}.Debug|Any CPU.ActiveCfg = Debug|Any CPU
		{0199826E-D2AE-439B-A2C4-438FB31BF4DE}.Debug|Any CPU.Build.0 = Debug|Any CPU
		{0199826E-D2AE-439B-A2C4-438FB31BF4DE}.Release|Any CPU.ActiveCfg = Release|Any CPU
		{0199826E-D2AE-439B-A2C4-438FB31BF4DE}.Release|Any CPU.Build.0 = Release|Any CPU
	EndGlobalSection
	GlobalSection(SolutionProperties) = preSolution
		HideSolutionNode = FALSE
	EndGlobalSection
	GlobalSection(ExtensibilityGlobals) = postSolution
		SolutionGuid = {957568B4-CE73-4587-8BEF-DB563BC17A72}
	EndGlobalSection
EndGlobal
